
Microsoft Visual Studio Solution File, Format Version 12.00
# Visual Studio Version 17
VisualStudioVersion = 17.7.34024.191
MinimumVisualStudioVersion = 10.0.40219.1
Project("{FAE04EC0-301F-11D3-BF4B-00C04F79EFBC}") = "Lab 2 Work 2", "Lab 2 Work 2\Lab 2 Work 2.csproj", "{ABA92C86-B1FA-4B82-8D75-CCCC5709CAE3}"
EndProject
Global
	GlobalSection(SolutionConfigurationPlatforms) = preSolution
		Debug|Any CPU = Debug|Any CPU
		Release|Any CPU = Release|Any CPU
	EndGlobalSection
	GlobalSection(ProjectConfigurationPlatforms) = postSolution
		{ABA92C86-B1FA-4B82-8D75-CCCC5709CAE3}.Debug|Any CPU.ActiveCfg = Debug|Any CPU
		{ABA92C86-B1FA-4B82-8D75-CCCC5709CAE3}.Debug|Any CPU.Build.0 = Debug|Any CPU
		{ABA92C86-B1FA-4B82-8D75-CCCC5709CAE3}.Release|Any CPU.ActiveCfg = Release|Any CPU
		{ABA92C86-B1FA-4B82-8D75-CCCC5709CAE3}.Release|Any CPU.Build.0 = Release|Any CPU
	EndGlobalSection
	GlobalSection(SolutionProperties) = preSolution
		HideSolutionNode = FALSE
	EndGlobalSection
	GlobalSection(ExtensibilityGlobals) = postSolution
		SolutionGuid = {F45605D4-EC73-492F-9908-83EF37AA9F23}
	EndGlobalSection
EndGlobal
